<?xml version="1.0" encoding="utf-8"?>
<Project ToolsVersion="4.0" xmlns="http://schemas.microsoft.com/developer/msbuild/2003">
  <ItemGroup>
    <Filter Include="include">
      <UniqueIdentifier>{93995380-89BD-4b04-88EB-625FBE52EBFB}</UniqueIdentifier>
      <Extensions>h;hh;hpp;hxx;hm;inl;inc;xsd</Extensions>
    </Filter>
    <Filter Include="src">
      <UniqueIdentifier>{4FC737F1-C7A5-4376-A066-2A32D752A2FF}</UniqueIdentifier>
      <Extensions>cpp;c;cc;cxx;def;odl;idl;hpj;bat;asm;asmx</Extensions>
    </Filter>
    <Filter Include="res">
      <UniqueIdentifier>{67DA6AB6-F800-4c08-8B7A-83BB121AAD01}</UniqueIdentifier>
      <Extensions>rc;ico;cur;bmp;dlg;rc2;rct;bin;rgs;gif;jpg;jpeg;jpe;resx;tiff;tif;png;wav;mfcribbon-ms</Extensions>
    </Filter>
  </ItemGroup>
  <ItemGroup>
    <ClInclude Include="..\..\..\include\float.h">
      <Filter>include</Filter>
    </ClInclude>
    <ClInclude Include="..\..\..\include\iso646.h">
      <Filter>include</Filter>
    </ClInclude>
    <ClInclude Include="..\..\..\include\stdalign.h">
      <Filter>include</Filter>
    </ClInclude>
    <ClInclude Include="..\..\..\include\stdarg.h">
      <Filter>include</Filter>
    </ClInclude>
    <ClInclude Include="..\..\..\include\stdbool.h">
      <Filter>include</Filter>
    </ClInclude>
    <ClInclude Include="..\..\..\include\stddef.h">
      <Filter>include</Filter>
    </ClInclude>
    <ClInclude Include="..\..\..\include\stdnoreturn.h">
      <Filter>include</Filter>
    </ClInclude>
    <ClInclude Include="..\..\..\include\wgtcc.h">
      <Filter>include</Filter>
    </ClInclude>
    <ClInclude Include="..\..\..\ast.h">
      <Filter>src</Filter>
    </ClInclude>
    <ClInclude Include="..\..\..\code_gen.h">
      <Filter>src</Filter>
    </ClInclude>
    <ClInclude Include="..\..\..\cpp.h">
      <Filter>src</Filter>
    </ClInclude>
    <ClInclude Include="..\..\..\encoding.h">
      <Filter>src</Filter>
    </ClInclude>
    <ClInclude Include="..\..\..\error.h">
      <Filter>src</Filter>
    </ClInclude>
    <ClInclude Include="..\..\..\evaluator.h">
      <Filter>src</Filter>
    </ClInclude>
    <ClInclude Include="..\..\..\mem_pool.h">
      <Filter>src</Filter>
    </ClInclude>
    <ClInclude Include="..\..\..\parser.h">
      <Filter>src</Filter>
    </ClInclude>
    <ClInclude Include="..\..\..\scanner.h">
      <Filter>src</Filter>
    </ClInclude>
    <ClInclude Include="..\..\..\scope.h">
      <Filter>src</Filter>
    </ClInclude>
    <ClInclude Include="..\..\..\token.h">
      <Filter>src</Filter>
    </ClInclude>
    <ClInclude Include="..\..\..\type.h">
      <Filter>src</Filter>
    </ClInclude>
    <ClInclude Include="..\..\..\visitor.h">
      <Filter>src</Filter>
    </ClInclude>
  </ItemGroup>
  <ItemGroup>
    <ClCompile Include="..\..\..\ast.cc">
      <Filter>src</Filter>
    </ClCompile>
    <ClCompile Include="..\..\..\code_gen.cc">
      <Filter>src</Filter>
    </ClCompile>
    <ClCompile Include="..\..\..\cpp.cc">
      <Filter>src</Filter>
    </ClCompile>
    <ClCompile Include="..\..\..\encoding.cc">
      <Filter>src</Filter>
    </ClCompile>
    <ClCompile Include="..\..\..\error.cc">
      <Filter>src</Filter>
    </ClCompile>
    <ClCompile Include="..\..\..\evaluator.cc">
      <Filter>src</Filter>
    </ClCompile>
    <ClCompile Include="..\..\..\main.cc">
      <Filter>src</Filter>
    </ClCompile>
    <ClCompile Include="..\..\..\parser.cc">
      <Filter>src</Filter>
    </ClCompile>
    <ClCompile Include="..\..\..\scanner.cc">
      <Filter>src</Filter>
    </ClCompile>
    <ClCompile Include="..\..\..\scope.cc">
      <Filter>src</Filter>
    </ClCompile>
    <ClCompile Include="..\..\..\token.cc">
      <Filter>src</Filter>
    </ClCompile>
    <ClCompile Include="..\..\..\type.cc">
      <Filter>src</Filter>
    </ClCompile>
  </ItemGroup>
</Project>